
Microsoft Visual Studio Solution File, Format Version 12.00
# Visual Studio Version 16
VisualStudioVersion = 16.0.31112.23
MinimumVisualStudioVersion = 10.0.40219.1
Project("{FAE04EC0-301F-11D3-BF4B-00C04F79EFBC}") = "Personen", "Personen\Personen.csproj", "{957C43C6-1770-4254-8395-44F9A3281B58}"
EndProject
Global
	GlobalSection(SolutionConfigurationPlatforms) = preSolution
		Debug|Any CPU = Debug|Any CPU
		Release|Any CPU = Release|Any CPU
	EndGlobalSection
	GlobalSection(ProjectConfigurationPlatforms) = postSolution
		{957C43C6-1770-4254-8395-44F9A3281B58}.Debug|Any CPU.ActiveCfg = Debug|Any CPU
		{957C43C6-1770-4254-8395-44F9A3281B58}.Debug|Any CPU.Build.0 = Debug|Any CPU
		{957C43C6-1770-4254-8395-44F9A3281B58}.Release|Any CPU.ActiveCfg = Release|Any CPU
		{957C43C6-1770-4254-8395-44F9A3281B58}.Release|Any CPU.Build.0 = Release|Any CPU
	EndGlobalSection
	GlobalSection(SolutionProperties) = preSolution
		HideSolutionNode = FALSE
	EndGlobalSection
	GlobalSection(ExtensibilityGlobals) = postSolution
		SolutionGuid = {336D687F-5CB0-4E78-B425-892EC4B3C198}
	EndGlobalSection
EndGlobal
